
Microsoft Visual Studio Solution File, Format Version 12.00
# Visual Studio Version 16
VisualStudioVersion = 16.0.30804.86
MinimumVisualStudioVersion = 10.0.40219.1
Project("{FAE04EC0-301F-11D3-BF4B-00C04F79EFBC}") = "Data", "Data\Data.csproj", "{7FDA7D12-3FEA-4B37-97AD-98BA3CC5021C}"
EndProject
Project("{FAE04EC0-301F-11D3-BF4B-00C04F79EFBC}") = "DataAccess", "DataAccess\DataAccess.csproj", "{68D6D4F0-D309-4187-85B6-9E28E4EDD922}"
EndProject
Project("{FAE04EC0-301F-11D3-BF4B-00C04F79EFBC}") = "Presantation", "Presantation\Presantation.csproj", "{F5D47332-F6D2-45B3-B4C3-652DFDC4FC49}"
EndProject
Global
	GlobalSection(SolutionConfigurationPlatforms) = preSolution
		Debug|Any CPU = Debug|Any CPU
		Release|Any CPU = Release|Any CPU
	EndGlobalSection
	GlobalSection(ProjectConfigurationPlatforms) = postSolution
		{7FDA7D12-3FEA-4B37-97AD-98BA3CC5021C}.Debug|Any CPU.ActiveCfg = Debug|Any CPU
		{7FDA7D12-3FEA-4B37-97AD-98BA3CC5021C}.Debug|Any CPU.Build.0 = Debug|Any CPU
		{7FDA7D12-3FEA-4B37-97AD-98BA3CC5021C}.Release|Any CPU.ActiveCfg = Release|Any CPU
		{7FDA7D12-3FEA-4B37-97AD-98BA3CC5021C}.Release|Any CPU.Build.0 = Release|Any CPU
		{68D6D4F0-D309-4187-85B6-9E28E4EDD922}.Debug|Any CPU.ActiveCfg = Debug|Any CPU
		{68D6D4F0-D309-4187-85B6-9E28E4EDD922}.Debug|Any CPU.Build.0 = Debug|Any CPU
		{68D6D4F0-D309-4187-85B6-9E28E4EDD922}.Release|Any CPU.ActiveCfg = Release|Any CPU
		{68D6D4F0-D309-4187-85B6-9E28E4EDD922}.Release|Any CPU.Build.0 = Release|Any CPU
		{F5D47332-F6D2-45B3-B4C3-652DFDC4FC49}.Debug|Any CPU.ActiveCfg = Debug|Any CPU
		{F5D47332-F6D2-45B3-B4C3-652DFDC4FC49}.Debug|Any CPU.Build.0 = Debug|Any CPU
		{F5D47332-F6D2-45B3-B4C3-652DFDC4FC49}.Release|Any CPU.ActiveCfg = Release|Any CPU
		{F5D47332-F6D2-45B3-B4C3-652DFDC4FC49}.Release|Any CPU.Build.0 = Release|Any CPU
	EndGlobalSection
	GlobalSection(SolutionProperties) = preSolution
		HideSolutionNode = FALSE
	EndGlobalSection
	GlobalSection(ExtensibilityGlobals) = postSolution
		SolutionGuid = {C44E7C88-F3E6-4F7A-B6A5-6229682129A6}
	EndGlobalSection
EndGlobal
